{
  "name": "rust_quant",
  "lockfileVersion": 3,
  "requires": true,
  "packages": {
    "": {
      "dependencies": {
        "oh-my-opencode-darwin-arm64": "^3.1.1"
      }
    },
    "node_modules/oh-my-opencode-darwin-arm64": {
      "version": "3.1.1",
      "resolved": "https://registry.npmjs.org/oh-my-opencode-darwin-arm64/-/oh-my-opencode-darwin-arm64-3.1.1.tgz",
      "integrity": "sha512-+dcBhQGmUhM2Xl41S4zA6OnKSg6Ec60OevvRMQctp5zA6T+lov+O+BEf3T79Sq4RNBUJ+nghBNG54eiPHpPUNA==",
      "cpu": [
        "arm64"
      ],
      "license": "MIT",
      "os": [
        "darwin"
      ],
      "bin": {
        "oh-my-opencode": "bin/oh-my-opencode"
      }
    }
  }
}
